// !$*UTF8*$!
{
	archiveVersion = 1;
	classes = {
	};
	objectVersion = 56;
	objects = {

/* Begin PBXBuildFile section */
		2301C6E3297FF5E900B7DC98 /* Mapview.swift in Sources */ = {isa = PBXBuildFile; fileRef = 2301C6E2297FF5E900B7DC98 /* Mapview.swift */; };
		233E8A4529ADC3FB00918DEB /* MapModels.swift in Sources */ = {isa = PBXBuildFile; fileRef = 233E8A4429ADC3FB00918DEB /* MapModels.swift */; };
		2347DB1429A881F500EECDB3 /* MemberList.swift in Sources */ = {isa = PBXBuildFile; fileRef = 2347DB1329A881F500EECDB3 /* MemberList.swift */; };
		2347DB1629A8821200EECDB3 /* ClubList.swift in Sources */ = {isa = PBXBuildFile; fileRef = 2347DB1529A8821200EECDB3 /* ClubList.swift */; };
		234A2EA929EA8F92005CC6BF /* PasswordBar.swift in Sources */ = {isa = PBXBuildFile; fileRef = 234A2EA829EA8F92005CC6BF /* PasswordBar.swift */; };
		234F198F297CD4AB0060FC73 /* Homeview.swift in Sources */ = {isa = PBXBuildFile; fileRef = 234F198E297CD4AB0060FC73 /* Homeview.swift */; };
		23553C27297E394A00E50FC0 /* Settingview.swift in Sources */ = {isa = PBXBuildFile; fileRef = 23553C26297E394A00E50FC0 /* Settingview.swift */; };
		23553C29297E3BC200E50FC0 /* Reportview.swift in Sources */ = {isa = PBXBuildFile; fileRef = 23553C28297E3BC200E50FC0 /* Reportview.swift */; };
		237F131329E7FB2D004AD7A2 /* GoogleService-Info.plist in Resources */ = {isa = PBXBuildFile; fileRef = 237F131229E7FB2D004AD7A2 /* GoogleService-Info.plist */; };
		237F131629E7FC2B004AD7A2 /* FirebaseAuth in Frameworks */ = {isa = PBXBuildFile; productRef = 237F131529E7FC2B004AD7A2 /* FirebaseAuth */; };
		237F131829E7FC2B004AD7A2 /* FirebaseAuthCombine-Community in Frameworks */ = {isa = PBXBuildFile; productRef = 237F131729E7FC2B004AD7A2 /* FirebaseAuthCombine-Community */; };
		237F131A29E7FC2B004AD7A2 /* FirebaseDatabase in Frameworks */ = {isa = PBXBuildFile; productRef = 237F131929E7FC2B004AD7A2 /* FirebaseDatabase */; };
		237F131C29E7FC2B004AD7A2 /* FirebaseDatabaseSwift in Frameworks */ = {isa = PBXBuildFile; productRef = 237F131B29E7FC2B004AD7A2 /* FirebaseDatabaseSwift */; };
		237F131E29E7FC2B004AD7A2 /* FirebaseStorage in Frameworks */ = {isa = PBXBuildFile; productRef = 237F131D29E7FC2B004AD7A2 /* FirebaseStorage */; };
		237F132029E7FC2B004AD7A2 /* FirebaseStorageCombine-Community in Frameworks */ = {isa = PBXBuildFile; productRef = 237F131F29E7FC2B004AD7A2 /* FirebaseStorageCombine-Community */; };
		237F132229E7FF8C004AD7A2 /* Userauth.swift in Sources */ = {isa = PBXBuildFile; fileRef = 237F132129E7FF8C004AD7A2 /* Userauth.swift */; };
		2384D25A297C44FC00386949 /* protoApp.swift in Sources */ = {isa = PBXBuildFile; fileRef = 2384D259297C44FC00386949 /* protoApp.swift */; };
		2384D25C297C44FC00386949 /* ContentView.swift in Sources */ = {isa = PBXBuildFile; fileRef = 2384D25B297C44FC00386949 /* ContentView.swift */; };
		2384D25E297C44FE00386949 /* Assets.xcassets in Resources */ = {isa = PBXBuildFile; fileRef = 2384D25D297C44FE00386949 /* Assets.xcassets */; };
		2384D261297C44FE00386949 /* Preview Assets.xcassets in Resources */ = {isa = PBXBuildFile; fileRef = 2384D260297C44FE00386949 /* Preview Assets.xcassets */; };
		2384D263297C44FE00386949 /* Persistence.swift in Sources */ = {isa = PBXBuildFile; fileRef = 2384D262297C44FE00386949 /* Persistence.swift */; };
		2384D266297C44FE00386949 /* proto.xcdatamodeld in Sources */ = {isa = PBXBuildFile; fileRef = 2384D264297C44FE00386949 /* proto.xcdatamodeld */; };
		2384D270297C44FE00386949 /* protoTests.swift in Sources */ = {isa = PBXBuildFile; fileRef = 2384D26F297C44FE00386949 /* protoTests.swift */; };
		2384D27A297C44FE00386949 /* protoUITests.swift in Sources */ = {isa = PBXBuildFile; fileRef = 2384D279297C44FE00386949 /* protoUITests.swift */; };
		2384D27C297C44FE00386949 /* protoUITestsLaunchTests.swift in Sources */ = {isa = PBXBuildFile; fileRef = 2384D27B297C44FE00386949 /* protoUITestsLaunchTests.swift */; };
		23E159AC29A4E44E005E965C /* SearchBar.swift in Sources */ = {isa = PBXBuildFile; fileRef = 23E159AB29A4E44E005E965C /* SearchBar.swift */; };
		23F65FA229DFF2B700053407 /* Member+CoreDataClass.swift in Sources */ = {isa = PBXBuildFile; fileRef = 23F65FA029DFF2B700053407 /* Member+CoreDataClass.swift */; };
		23F65FA329DFF2B700053407 /* Member+CoreDataProperties.swift in Sources */ = {isa = PBXBuildFile; fileRef = 23F65FA129DFF2B700053407 /* Member+CoreDataProperties.swift */; };
		69D319D8059A8B978776A5D3 /* Pods_proto.framework in Frameworks */ = {isa = PBXBuildFile; fileRef = B73CC1AB64B6898A3CD63C73 /* Pods_proto.framework */; };
		84D083419264368DF1BD1021 /* Pods_proto_protoUITests.framework in Frameworks */ = {isa = PBXBuildFile; fileRef = D2903A076B4D415281999F57 /* Pods_proto_protoUITests.framework */; };
		B67A15648B03315FF704107F /* Pods_protoTests.framework in Frameworks */ = {isa = PBXBuildFile; fileRef = BEF476532894A989D03E3CF4 /* Pods_protoTests.framework */; };
/* End PBXBuildFile section */

/* Begin PBXContainerItemProxy section */
		2384D26C297C44FE00386949 /* PBXContainerItemProxy */ = {
			isa = PBXContainerItemProxy;
			containerPortal = 2384D24E297C44FC00386949 /* Project object */;
			proxyType = 1;
			remoteGlobalIDString = 2384D255297C44FC00386949;
			remoteInfo = proto;
		};
		2384D276297C44FE00386949 /* PBXContainerItemProxy */ = {
			isa = PBXContainerItemProxy;
			containerPortal = 2384D24E297C44FC00386949 /* Project object */;
			proxyType = 1;
			remoteGlobalIDString = 2384D255297C44FC00386949;
			remoteInfo = proto;
		};
/* End PBXContainerItemProxy section */

/* Begin PBXFileReference section */
		11992EA003FE86FAF3DEC8DE /* Pods-proto-protoUITests.debug.xcconfig */ = {isa = PBXFileReference; includeInIndex = 1; lastKnownFileType = text.xcconfig; name = "Pods-proto-protoUITests.debug.xcconfig"; path = "Target Support Files/Pods-proto-protoUITests/Pods-proto-protoUITests.debug.xcconfig"; sourceTree = "<group>"; };
		2301C6E2297FF5E900B7DC98 /* Mapview.swift */ = {isa = PBXFileReference; lastKnownFileType = sourcecode.swift; path = Mapview.swift; sourceTree = "<group>"; };
		233E8A4429ADC3FB00918DEB /* MapModels.swift */ = {isa = PBXFileReference; lastKnownFileType = sourcecode.swift; path = MapModels.swift; sourceTree = "<group>"; };
		2347DB1329A881F500EECDB3 /* MemberList.swift */ = {isa = PBXFileReference; lastKnownFileType = sourcecode.swift; path = MemberList.swift; sourceTree = "<group>"; };
		2347DB1529A8821200EECDB3 /* ClubList.swift */ = {isa = PBXFileReference; lastKnownFileType = sourcecode.swift; path = ClubList.swift; sourceTree = "<group>"; };
		234A2EA829EA8F92005CC6BF /* PasswordBar.swift */ = {isa = PBXFileReference; lastKnownFileType = sourcecode.swift; path = PasswordBar.swift; sourceTree = "<group>"; };
		234F198E297CD4AB0060FC73 /* Homeview.swift */ = {isa = PBXFileReference; lastKnownFileType = sourcecode.swift; path = Homeview.swift; sourceTree = "<group>"; };
		23553C26297E394A00E50FC0 /* Settingview.swift */ = {isa = PBXFileReference; lastKnownFileType = sourcecode.swift; path = Settingview.swift; sourceTree = "<group>"; };
		23553C28297E3BC200E50FC0 /* Reportview.swift */ = {isa = PBXFileReference; lastKnownFileType = sourcecode.swift; path = Reportview.swift; sourceTree = "<group>"; };
		237F131229E7FB2D004AD7A2 /* GoogleService-Info.plist */ = {isa = PBXFileReference; fileEncoding = 4; lastKnownFileType = text.plist.xml; path = "GoogleService-Info.plist"; sourceTree = "<group>"; };
		237F132129E7FF8C004AD7A2 /* Userauth.swift */ = {isa = PBXFileReference; lastKnownFileType = sourcecode.swift; path = Userauth.swift; sourceTree = "<group>"; };
		2384D256297C44FC00386949 /* proto.app */ = {isa = PBXFileReference; explicitFileType = wrapper.application; includeInIndex = 0; path = proto.app; sourceTree = BUILT_PRODUCTS_DIR; };
		2384D259297C44FC00386949 /* protoApp.swift */ = {isa = PBXFileReference; lastKnownFileType = sourcecode.swift; path = protoApp.swift; sourceTree = "<group>"; };
		2384D25B297C44FC00386949 /* ContentView.swift */ = {isa = PBXFileReference; lastKnownFileType = sourcecode.swift; path = ContentView.swift; sourceTree = "<group>"; };
		2384D25D297C44FE00386949 /* Assets.xcassets */ = {isa = PBXFileReference; lastKnownFileType = folder.assetcatalog; path = Assets.xcassets; sourceTree = "<group>"; };
		2384D260297C44FE00386949 /* Preview Assets.xcassets */ = {isa = PBXFileReference; lastKnownFileType = folder.assetcatalog; path = "Preview Assets.xcassets"; sourceTree = "<group>"; };
		2384D262297C44FE00386949 /* Persistence.swift */ = {isa = PBXFileReference; lastKnownFileType = sourcecode.swift; path = Persistence.swift; sourceTree = "<group>"; };
		2384D265297C44FE00386949 /* proto.xcdatamodel */ = {isa = PBXFileReference; lastKnownFileType = wrapper.xcdatamodel; path = proto.xcdatamodel; sourceTree = "<group>"; };
		2384D26B297C44FE00386949 /* protoTests.xctest */ = {isa = PBXFileReference; explicitFileType = wrapper.cfbundle; includeInIndex = 0; path = protoTests.xctest; sourceTree = BUILT_PRODUCTS_DIR; };
		2384D26F297C44FE00386949 /* protoTests.swift */ = {isa = PBXFileReference; lastKnownFileType = sourcecode.swift; path = protoTests.swift; sourceTree = "<group>"; };
		2384D275297C44FE00386949 /* protoUITests.xctest */ = {isa = PBXFileReference; explicitFileType = wrapper.cfbundle; includeInIndex = 0; path = protoUITests.xctest; sourceTree = BUILT_PRODUCTS_DIR; };
		2384D279297C44FE00386949 /* protoUITests.swift */ = {isa = PBXFileReference; lastKnownFileType = sourcecode.swift; path = protoUITests.swift; sourceTree = "<group>"; };
		2384D27B297C44FE00386949 /* protoUITestsLaunchTests.swift */ = {isa = PBXFileReference; lastKnownFileType = sourcecode.swift; path = protoUITestsLaunchTests.swift; sourceTree = "<group>"; };
		23E159AB29A4E44E005E965C /* SearchBar.swift */ = {isa = PBXFileReference; lastKnownFileType = sourcecode.swift; path = SearchBar.swift; sourceTree = "<group>"; };
		23F65FA029DFF2B700053407 /* Member+CoreDataClass.swift */ = {isa = PBXFileReference; lastKnownFileType = sourcecode.swift; path = "Member+CoreDataClass.swift"; sourceTree = "<group>"; };
		23F65FA129DFF2B700053407 /* Member+CoreDataProperties.swift */ = {isa = PBXFileReference; lastKnownFileType = sourcecode.swift; path = "Member+CoreDataProperties.swift"; sourceTree = "<group>"; };
		5E4DB5F65907CD28F508A11C /* Pods-proto-protoUITests.release.xcconfig */ = {isa = PBXFileReference; includeInIndex = 1; lastKnownFileType = text.xcconfig; name = "Pods-proto-protoUITests.release.xcconfig"; path = "Target Support Files/Pods-proto-protoUITests/Pods-proto-protoUITests.release.xcconfig"; sourceTree = "<group>"; };
		83A4471A5F9C115D8C287D8F /* Pods-protoTests.debug.xcconfig */ = {isa = PBXFileReference; includeInIndex = 1; lastKnownFileType = text.xcconfig; name = "Pods-protoTests.debug.xcconfig"; path = "Target Support Files/Pods-protoTests/Pods-protoTests.debug.xcconfig"; sourceTree = "<group>"; };
		AA11747B8A2F5BD3314ADCBE /* Pods-proto.debug.xcconfig */ = {isa = PBXFileReference; includeInIndex = 1; lastKnownFileType = text.xcconfig; name = "Pods-proto.debug.xcconfig"; path = "Target Support Files/Pods-proto/Pods-proto.debug.xcconfig"; sourceTree = "<group>"; };
		B50E569BA81DC73222EF6DDC /* Pods-protoTests.release.xcconfig */ = {isa = PBXFileReference; includeInIndex = 1; lastKnownFileType = text.xcconfig; name = "Pods-protoTests.release.xcconfig"; path = "Target Support Files/Pods-protoTests/Pods-protoTests.release.xcconfig"; sourceTree = "<group>"; };
		B73CC1AB64B6898A3CD63C73 /* Pods_proto.framework */ = {isa = PBXFileReference; explicitFileType = wrapper.framework; includeInIndex = 0; path = Pods_proto.framework; sourceTree = BUILT_PRODUCTS_DIR; };
		BEF476532894A989D03E3CF4 /* Pods_protoTests.framework */ = {isa = PBXFileReference; explicitFileType = wrapper.framework; includeInIndex = 0; path = Pods_protoTests.framework; sourceTree = BUILT_PRODUCTS_DIR; };
		D2903A076B4D415281999F57 /* Pods_proto_protoUITests.framework */ = {isa = PBXFileReference; explicitFileType = wrapper.framework; includeInIndex = 0; path = Pods_proto_protoUITests.framework; sourceTree = BUILT_PRODUCTS_DIR; };
		D6E4109B038705DD82D9FE97 /* Pods-proto.release.xcconfig */ = {isa = PBXFileReference; includeInIndex = 1; lastKnownFileType = text.xcconfig; name = "Pods-proto.release.xcconfig"; path = "Target Support Files/Pods-proto/Pods-proto.release.xcconfig"; sourceTree = "<group>"; };
/* End PBXFileReference section */

/* Begin PBXFrameworksBuildPhase section */
		2384D253297C44FC00386949 /* Frameworks */ = {
			isa = PBXFrameworksBuildPhase;
			buildActionMask = 2147483647;
			files = (
				237F131C29E7FC2B004AD7A2 /* FirebaseDatabaseSwift in Frameworks */,
				237F131A29E7FC2B004AD7A2 /* FirebaseDatabase in Frameworks */,
				237F131629E7FC2B004AD7A2 /* FirebaseAuth in Frameworks */,
				237F131E29E7FC2B004AD7A2 /* FirebaseStorage in Frameworks */,
				237F132029E7FC2B004AD7A2 /* FirebaseStorageCombine-Community in Frameworks */,
				237F131829E7FC2B004AD7A2 /* FirebaseAuthCombine-Community in Frameworks */,
				69D319D8059A8B978776A5D3 /* Pods_proto.framework in Frameworks */,
			);
			runOnlyForDeploymentPostprocessing = 0;
		};
		2384D268297C44FE00386949 /* Frameworks */ = {
			isa = PBXFrameworksBuildPhase;
			buildActionMask = 2147483647;
			files = (
				B67A15648B03315FF704107F /* Pods_protoTests.framework in Frameworks */,
			);
			runOnlyForDeploymentPostprocessing = 0;
		};
		2384D272297C44FE00386949 /* Frameworks */ = {
			isa = PBXFrameworksBuildPhase;
			buildActionMask = 2147483647;
			files = (
				84D083419264368DF1BD1021 /* Pods_proto_protoUITests.framework in Frameworks */,
			);
			runOnlyForDeploymentPostprocessing = 0;
		};
/* End PBXFrameworksBuildPhase section */

/* Begin PBXGroup section */
		2384D24D297C44FC00386949 = {
			isa = PBXGroup;
			children = (
				23F65FA029DFF2B700053407 /* Member+CoreDataClass.swift */,
				23F65FA129DFF2B700053407 /* Member+CoreDataProperties.swift */,
				2384D258297C44FC00386949 /* proto */,
				2384D26E297C44FE00386949 /* protoTests */,
				2384D278297C44FE00386949 /* protoUITests */,
				2384D257297C44FC00386949 /* Products */,
				25B782611F1E748E8D18D453 /* Pods */,
				C9662D9FC8FE73C0688F9C9A /* Frameworks */,
			);
			sourceTree = "<group>";
		};
		2384D257297C44FC00386949 /* Products */ = {
			isa = PBXGroup;
			children = (
				2384D256297C44FC00386949 /* proto.app */,
				2384D26B297C44FE00386949 /* protoTests.xctest */,
				2384D275297C44FE00386949 /* protoUITests.xctest */,
			);
			name = Products;
			sourceTree = "<group>";
		};
		2384D258297C44FC00386949 /* proto */ = {
			isa = PBXGroup;
			children = (
				2384D259297C44FC00386949 /* protoApp.swift */,
				2384D25B297C44FC00386949 /* ContentView.swift */,
				2384D25D297C44FE00386949 /* Assets.xcassets */,
				2384D262297C44FE00386949 /* Persistence.swift */,
				2384D264297C44FE00386949 /* proto.xcdatamodeld */,
				2384D25F297C44FE00386949 /* Preview Content */,
				234F198E297CD4AB0060FC73 /* Homeview.swift */,
				23553C26297E394A00E50FC0 /* Settingview.swift */,
				23553C28297E3BC200E50FC0 /* Reportview.swift */,
				2301C6E2297FF5E900B7DC98 /* Mapview.swift */,
				23E159AB29A4E44E005E965C /* SearchBar.swift */,
				2347DB1329A881F500EECDB3 /* MemberList.swift */,
				2347DB1529A8821200EECDB3 /* ClubList.swift */,
				233E8A4429ADC3FB00918DEB /* MapModels.swift */,
				237F131229E7FB2D004AD7A2 /* GoogleService-Info.plist */,
				237F132129E7FF8C004AD7A2 /* Userauth.swift */,
				234A2EA829EA8F92005CC6BF /* PasswordBar.swift */,
			);
			path = proto;
			sourceTree = "<group>";
		};
		2384D25F297C44FE00386949 /* Preview Content */ = {
			isa = PBXGroup;
			children = (
				2384D260297C44FE00386949 /* Preview Assets.xcassets */,
			);
			path = "Preview Content";
			sourceTree = "<group>";
		};
		2384D26E297C44FE00386949 /* protoTests */ = {
			isa = PBXGroup;
			children = (
				2384D26F297C44FE00386949 /* protoTests.swift */,
			);
			path = protoTests;
			sourceTree = "<group>";
		};
		2384D278297C44FE00386949 /* protoUITests */ = {
			isa = PBXGroup;
			children = (
				2384D279297C44FE00386949 /* protoUITests.swift */,
				2384D27B297C44FE00386949 /* protoUITestsLaunchTests.swift */,
			);
			path = protoUITests;
			sourceTree = "<group>";
		};
		25B782611F1E748E8D18D453 /* Pods */ = {
			isa = PBXGroup;
			children = (
				AA11747B8A2F5BD3314ADCBE /* Pods-proto.debug.xcconfig */,
				D6E4109B038705DD82D9FE97 /* Pods-proto.release.xcconfig */,
				11992EA003FE86FAF3DEC8DE /* Pods-proto-protoUITests.debug.xcconfig */,
				5E4DB5F65907CD28F508A11C /* Pods-proto-protoUITests.release.xcconfig */,
				83A4471A5F9C115D8C287D8F /* Pods-protoTests.debug.xcconfig */,
				B50E569BA81DC73222EF6DDC /* Pods-protoTests.release.xcconfig */,
			);
			path = Pods;
			sourceTree = "<group>";
		};
		C9662D9FC8FE73C0688F9C9A /* Frameworks */ = {
			isa = PBXGroup;
			children = (
				B73CC1AB64B6898A3CD63C73 /* Pods_proto.framework */,
				D2903A076B4D415281999F57 /* Pods_proto_protoUITests.framework */,
				BEF476532894A989D03E3CF4 /* Pods_protoTests.framework */,
			);
			name = Frameworks;
			sourceTree = "<group>";
		};
/* End PBXGroup section */

/* Begin PBXNativeTarget section */
		2384D255297C44FC00386949 /* proto */ = {
			isa = PBXNativeTarget;
			buildConfigurationList = 2384D27F297C44FE00386949 /* Build configuration list for PBXNativeTarget "proto" */;
			buildPhases = (
				8C37CE2B0A03E2CBDDE33FE0 /* [CP] Check Pods Manifest.lock */,
				2384D252297C44FC00386949 /* Sources */,
				2384D253297C44FC00386949 /* Frameworks */,
				2384D254297C44FC00386949 /* Resources */,
				8C56584C1FAEC702648742E4 /* [CP] Embed Pods Frameworks */,
			);
			buildRules = (
			);
			dependencies = (
			);
			name = proto;
			packageProductDependencies = (
				237F131529E7FC2B004AD7A2 /* FirebaseAuth */,
				237F131729E7FC2B004AD7A2 /* FirebaseAuthCombine-Community */,
				237F131929E7FC2B004AD7A2 /* FirebaseDatabase */,
				237F131B29E7FC2B004AD7A2 /* FirebaseDatabaseSwift */,
				237F131D29E7FC2B004AD7A2 /* FirebaseStorage */,
				237F131F29E7FC2B004AD7A2 /* FirebaseStorageCombine-Community */,
			);
			productName = proto;
			productReference = 2384D256297C44FC00386949 /* proto.app */;
			productType = "com.apple.product-type.application";
		};
		2384D26A297C44FE00386949 /* protoTests */ = {
			isa = PBXNativeTarget;
			buildConfigurationList = 2384D282297C44FE00386949 /* Build configuration list for PBXNativeTarget "protoTests" */;
			buildPhases = (
				FA3A97254CC959CA5689EE94 /* [CP] Check Pods Manifest.lock */,
				2384D267297C44FE00386949 /* Sources */,
				2384D268297C44FE00386949 /* Frameworks */,
				2384D269297C44FE00386949 /* Resources */,
			);
			buildRules = (
			);
			dependencies = (
				2384D26D297C44FE00386949 /* PBXTargetDependency */,
			);
			name = protoTests;
			productName = protoTests;
			productReference = 2384D26B297C44FE00386949 /* protoTests.xctest */;
			productType = "com.apple.product-type.bundle.unit-test";
		};
		2384D274297C44FE00386949 /* protoUITests */ = {
			isa = PBXNativeTarget;
			buildConfigurationList = 2384D285297C44FE00386949 /* Build configuration list for PBXNativeTarget "protoUITests" */;
			buildPhases = (
				83BA8769ED033B6F259DF99B /* [CP] Check Pods Manifest.lock */,
				2384D271297C44FE00386949 /* Sources */,
				2384D272297C44FE00386949 /* Frameworks */,
				2384D273297C44FE00386949 /* Resources */,
				51696F761240820C25F1EFEB /* [CP] Embed Pods Frameworks */,
			);
			buildRules = (
			);
			dependencies = (
				2384D277297C44FE00386949 /* PBXTargetDependency */,
			);
			name = protoUITests;
			productName = protoUITests;
			productReference = 2384D275297C44FE00386949 /* protoUITests.xctest */;
			productType = "com.apple.product-type.bundle.ui-testing";
		};
/* End PBXNativeTarget section */

/* Begin PBXProject section */
		2384D24E297C44FC00386949 /* Project object */ = {
			isa = PBXProject;
			attributes = {
				BuildIndependentTargetsInParallel = 1;
				LastSwiftUpdateCheck = 1420;
				LastUpgradeCheck = 1420;
				TargetAttributes = {
					2384D255297C44FC00386949 = {
						CreatedOnToolsVersion = 14.2;
					};
					2384D26A297C44FE00386949 = {
						CreatedOnToolsVersion = 14.2;
						TestTargetID = 2384D255297C44FC00386949;
					};
					2384D274297C44FE00386949 = {
						CreatedOnToolsVersion = 14.2;
						TestTargetID = 2384D255297C44FC00386949;
					};
				};
			};
			buildConfigurationList = 2384D251297C44FC00386949 /* Build configuration list for PBXProject "proto" */;
			compatibilityVersion = "Xcode 14.0";
			developmentRegion = en;
			hasScannedForEncodings = 0;
			knownRegions = (
				en,
				Base,
			);
			mainGroup = 2384D24D297C44FC00386949;
			packageReferences = (
				237F131429E7FC2B004AD7A2 /* XCRemoteSwiftPackageReference "firebase-ios-sdk" */,
			);
			productRefGroup = 2384D257297C44FC00386949 /* Products */;
			projectDirPath = "";
			projectRoot = "";
			targets = (
				2384D255297C44FC00386949 /* proto */,
				2384D26A297C44FE00386949 /* protoTests */,
				2384D274297C44FE00386949 /* protoUITests */,
			);
		};
/* End PBXProject section */

/* Begin PBXResourcesBuildPhase section */
		2384D254297C44FC00386949 /* Resources */ = {
			isa = PBXResourcesBuildPhase;
			buildActionMask = 2147483647;
			files = (
				2384D261297C44FE00386949 /* Preview Assets.xcassets in Resources */,
				2384D25E297C44FE00386949 /* Assets.xcassets in Resources */,
				237F131329E7FB2D004AD7A2 /* GoogleService-Info.plist in Resources */,
			);
			runOnlyForDeploymentPostprocessing = 0;
		};
		2384D269297C44FE00386949 /* Resources */ = {
			isa = PBXResourcesBuildPhase;
			buildActionMask = 2147483647;
			files = (
			);
			runOnlyForDeploymentPostprocessing = 0;
		};
		2384D273297C44FE00386949 /* Resources */ = {
			isa = PBXResourcesBuildPhase;
			buildActionMask = 2147483647;
			files = (
			);
			runOnlyForDeploymentPostprocessing = 0;
		};
/* End PBXResourcesBuildPhase section */

/* Begin PBXShellScriptBuildPhase section */
		51696F761240820C25F1EFEB /* [CP] Embed Pods Frameworks */ = {
			isa = PBXShellScriptBuildPhase;
			buildActionMask = 2147483647;
			files = (
			);
			inputFileListPaths = (
				"${PODS_ROOT}/Target Support Files/Pods-proto-protoUITests/Pods-proto-protoUITests-frameworks-${CONFIGURATION}-input-files.xcfilelist",
			);
			name = "[CP] Embed Pods Frameworks";
			outputFileListPaths = (
				"${PODS_ROOT}/Target Support Files/Pods-proto-protoUITests/Pods-proto-protoUITests-frameworks-${CONFIGURATION}-output-files.xcfilelist",
			);
			runOnlyForDeploymentPostprocessing = 0;
			shellPath = /bin/sh;
			shellScript = "\"${PODS_ROOT}/Target Support Files/Pods-proto-protoUITests/Pods-proto-protoUITests-frameworks.sh\"\n";
			showEnvVarsInLog = 0;
		};
		83BA8769ED033B6F259DF99B /* [CP] Check Pods Manifest.lock */ = {
			isa = PBXShellScriptBuildPhase;
			buildActionMask = 2147483647;
			files = (
			);
			inputFileListPaths = (
			);
			inputPaths = (
				"${PODS_PODFILE_DIR_PATH}/Podfile.lock",
				"${PODS_ROOT}/Manifest.lock",
			);
			name = "[CP] Check Pods Manifest.lock";
			outputFileListPaths = (
			);
			outputPaths = (
				"$(DERIVED_FILE_DIR)/Pods-proto-protoUITests-checkManifestLockResult.txt",
			);
			runOnlyForDeploymentPostprocessing = 0;
			shellPath = /bin/sh;
			shellScript = "diff \"${PODS_PODFILE_DIR_PATH}/Podfile.lock\" \"${PODS_ROOT}/Manifest.lock\" > /dev/null\nif [ $? != 0 ] ; then\n    # print error to STDERR\n    echo \"error: The sandbox is not in sync with the Podfile.lock. Run 'pod install' or update your CocoaPods installation.\" >&2\n    exit 1\nfi\n# This output is used by Xcode 'outputs' to avoid re-running this script phase.\necho \"SUCCESS\" > \"${SCRIPT_OUTPUT_FILE_0}\"\n";
			showEnvVarsInLog = 0;
		};
		8C37CE2B0A03E2CBDDE33FE0 /* [CP] Check Pods Manifest.lock */ = {
			isa = PBXShellScriptBuildPhase;
			buildActionMask = 2147483647;
			files = (
			);
			inputFileListPaths = (
			);
			inputPaths = (
				"${PODS_PODFILE_DIR_PATH}/Podfile.lock",
				"${PODS_ROOT}/Manifest.lock",
			);
			name = "[CP] Check Pods Manifest.lock";
			outputFileListPaths = (
			);
			outputPaths = (
				"$(DERIVED_FILE_DIR)/Pods-proto-checkManifestLockResult.txt",
			);
			runOnlyForDeploymentPostprocessing = 0;
			shellPath = /bin/sh;
			shellScript = "diff \"${PODS_PODFILE_DIR_PATH}/Podfile.lock\" \"${PODS_ROOT}/Manifest.lock\" > /dev/null\nif [ $? != 0 ] ; then\n    # print error to STDERR\n    echo \"error: The sandbox is not in sync with the Podfile.lock. Run 'pod install' or update your CocoaPods installation.\" >&2\n    exit 1\nfi\n# This output is used by Xcode 'outputs' to avoid re-running this script phase.\necho \"SUCCESS\" > \"${SCRIPT_OUTPUT_FILE_0}\"\n";
			showEnvVarsInLog = 0;
		};
		8C56584C1FAEC702648742E4 /* [CP] Embed Pods Frameworks */ = {
			isa = PBXShellScriptBuildPhase;
			buildActionMask = 2147483647;
			files = (
			);
			inputFileListPaths = (
				"${PODS_ROOT}/Target Support Files/Pods-proto/Pods-proto-frameworks-${CONFIGURATION}-input-files.xcfilelist",
			);
			name = "[CP] Embed Pods Frameworks";
			outputFileListPaths = (
				"${PODS_ROOT}/Target Support Files/Pods-proto/Pods-proto-frameworks-${CONFIGURATION}-output-files.xcfilelist",
			);
			runOnlyForDeploymentPostprocessing = 0;
			shellPath = /bin/sh;
			shellScript = "\"${PODS_ROOT}/Target Support Files/Pods-proto/Pods-proto-frameworks.sh\"\n";
			showEnvVarsInLog = 0;
		};
		FA3A97254CC959CA5689EE94 /* [CP] Check Pods Manifest.lock */ = {
			isa = PBXShellScriptBuildPhase;
			buildActionMask = 2147483647;
			files = (
			);
			inputFileListPaths = (
			);
			inputPaths = (
				"${PODS_PODFILE_DIR_PATH}/Podfile.lock",
				"${PODS_ROOT}/Manifest.lock",
			);
			name = "[CP] Check Pods Manifest.lock";
			outputFileListPaths = (
			);
			outputPaths = (
				"$(DERIVED_FILE_DIR)/Pods-protoTests-checkManifestLockResult.txt",
			);
			runOnlyForDeploymentPostprocessing = 0;
			shellPath = /bin/sh;
			shellScript = "diff \"${PODS_PODFILE_DIR_PATH}/Podfile.lock\" \"${PODS_ROOT}/Manifest.lock\" > /dev/null\nif [ $? != 0 ] ; then\n    # print error to STDERR\n    echo \"error: The sandbox is not in sync with the Podfile.lock. Run 'pod install' or update your CocoaPods installation.\" >&2\n    exit 1\nfi\n# This output is used by Xcode 'outputs' to avoid re-running this script phase.\necho \"SUCCESS\" > \"${SCRIPT_OUTPUT_FILE_0}\"\n";
			showEnvVarsInLog = 0;
		};
/* End PBXShellScriptBuildPhase section */

/* Begin PBXSourcesBuildPhase section */
		2384D252297C44FC00386949 /* Sources */ = {
			isa = PBXSourcesBuildPhase;
			buildActionMask = 2147483647;
			files = (
				2384D263297C44FE00386949 /* Persistence.swift in Sources */,
				2347DB1429A881F500EECDB3 /* MemberList.swift in Sources */,
				2347DB1629A8821200EECDB3 /* ClubList.swift in Sources */,
				23553C27297E394A00E50FC0 /* Settingview.swift in Sources */,
				234A2EA929EA8F92005CC6BF /* PasswordBar.swift in Sources */,
				23553C29297E3BC200E50FC0 /* Reportview.swift in Sources */,
				23F65FA229DFF2B700053407 /* Member+CoreDataClass.swift in Sources */,
				234F198F297CD4AB0060FC73 /* Homeview.swift in Sources */,
				2301C6E3297FF5E900B7DC98 /* Mapview.swift in Sources */,
				237F132229E7FF8C004AD7A2 /* Userauth.swift in Sources */,
				2384D25C297C44FC00386949 /* ContentView.swift in Sources */,
				233E8A4529ADC3FB00918DEB /* MapModels.swift in Sources */,
				2384D266297C44FE00386949 /* proto.xcdatamodeld in Sources */,
				23E159AC29A4E44E005E965C /* SearchBar.swift in Sources */,
				2384D25A297C44FC00386949 /* protoApp.swift in Sources */,
				23F65FA329DFF2B700053407 /* Member+CoreDataProperties.swift in Sources */,
			);
			runOnlyForDeploymentPostprocessing = 0;
		};
		2384D267297C44FE00386949 /* Sources */ = {
			isa = PBXSourcesBuildPhase;
			buildActionMask = 2147483647;
			files = (
				2384D270297C44FE00386949 /* protoTests.swift in Sources */,
			);
			runOnlyForDeploymentPostprocessing = 0;
		};
		2384D271297C44FE00386949 /* Sources */ = {
			isa = PBXSourcesBuildPhase;
			buildActionMask = 2147483647;
			files = (
				2384D27A297C44FE00386949 /* protoUITests.swift in Sources */,
				2384D27C297C44FE00386949 /* protoUITestsLaunchTests.swift in Sources */,
			);
			runOnlyForDeploymentPostprocessing = 0;
		};
/* End PBXSourcesBuildPhase section */

/* Begin PBXTargetDependency section */
		2384D26D297C44FE00386949 /* PBXTargetDependency */ = {
			isa = PBXTargetDependency;
			target = 2384D255297C44FC00386949 /* proto */;
			targetProxy = 2384D26C297C44FE00386949 /* PBXContainerItemProxy */;
		};
		2384D277297C44FE00386949 /* PBXTargetDependency */ = {
			isa = PBXTargetDependency;
			target = 2384D255297C44FC00386949 /* proto */;
			targetProxy = 2384D276297C44FE00386949 /* PBXContainerItemProxy */;
		};
/* End PBXTargetDependency section */

/* Begin XCBuildConfiguration section */
		2384D27D297C44FE00386949 /* Debug */ = {
			isa = XCBuildConfiguration;
			buildSettings = {
				ALWAYS_SEARCH_USER_PATHS = NO;
				CLANG_ANALYZER_NONNULL = YES;
				CLANG_ANALYZER_NUMBER_OBJECT_CONVERSION = YES_AGGRESSIVE;
				CLANG_CXX_LANGUAGE_STANDARD = "gnu++20";
				CLANG_ENABLE_MODULES = YES;
				CLANG_ENABLE_OBJC_ARC = YES;
				CLANG_ENABLE_OBJC_WEAK = YES;
				CLANG_WARN_BLOCK_CAPTURE_AUTORELEASING = YES;
				CLANG_WARN_BOOL_CONVERSION = YES;
				CLANG_WARN_COMMA = YES;
				CLANG_WARN_CONSTANT_CONVERSION = YES;
				CLANG_WARN_DEPRECATED_OBJC_IMPLEMENTATIONS = YES;
				CLANG_WARN_DIRECT_OBJC_ISA_USAGE = YES_ERROR;
				CLANG_WARN_DOCUMENTATION_COMMENTS = YES;
				CLANG_WARN_EMPTY_BODY = YES;
				CLANG_WARN_ENUM_CONVERSION = YES;
				CLANG_WARN_INFINITE_RECURSION = YES;
				CLANG_WARN_INT_CONVERSION = YES;
				CLANG_WARN_NON_LITERAL_NULL_CONVERSION = YES;
				CLANG_WARN_OBJC_IMPLICIT_RETAIN_SELF = YES;
				CLANG_WARN_OBJC_LITERAL_CONVERSION = YES;
				CLANG_WARN_OBJC_ROOT_CLASS = YES_ERROR;
				CLANG_WARN_QUOTED_INCLUDE_IN_FRAMEWORK_HEADER = YES;
				CLANG_WARN_RANGE_LOOP_ANALYSIS = YES;
				CLANG_WARN_STRICT_PROTOTYPES = YES;
				CLANG_WARN_SUSPICIOUS_MOVE = YES;
				CLANG_WARN_UNGUARDED_AVAILABILITY = YES_AGGRESSIVE;
				CLANG_WARN_UNREACHABLE_CODE = YES;
				CLANG_WARN__DUPLICATE_METHOD_MATCH = YES;
				COPY_PHASE_STRIP = NO;
				DEBUG_INFORMATION_FORMAT = dwarf;
				ENABLE_STRICT_OBJC_MSGSEND = YES;
				ENABLE_TESTABILITY = YES;
				GCC_C_LANGUAGE_STANDARD = gnu11;
				GCC_DYNAMIC_NO_PIC = NO;
				GCC_NO_COMMON_BLOCKS = YES;
				GCC_OPTIMIZATION_LEVEL = 0;
				GCC_PREPROCESSOR_DEFINITIONS = (
					"DEBUG=1",
					"$(inherited)",
				);
				GCC_WARN_64_TO_32_BIT_CONVERSION = YES;
				GCC_WARN_ABOUT_RETURN_TYPE = YES_ERROR;
				GCC_WARN_UNDECLARED_SELECTOR = YES;
				GCC_WARN_UNINITIALIZED_AUTOS = YES_AGGRESSIVE;
				GCC_WARN_UNUSED_FUNCTION = YES;
				GCC_WARN_UNUSED_VARIABLE = YES;
				IPHONEOS_DEPLOYMENT_TARGET = 16.2;
				MTL_ENABLE_DEBUG_INFO = INCLUDE_SOURCE;
				MTL_FAST_MATH = YES;
				ONLY_ACTIVE_ARCH = YES;
				SDKROOT = iphoneos;
				SWIFT_ACTIVE_COMPILATION_CONDITIONS = DEBUG;
				SWIFT_OPTIMIZATION_LEVEL = "-Onone";
			};
			name = Debug;
		};
		2384D27E297C44FE00386949 /* Release */ = {
			isa = XCBuildConfiguration;
			buildSettings = {
				ALWAYS_SEARCH_USER_PATHS = NO;
				CLANG_ANALYZER_NONNULL = YES;
				CLANG_ANALYZER_NUMBER_OBJECT_CONVERSION = YES_AGGRESSIVE;
				CLANG_CXX_LANGUAGE_STANDARD = "gnu++20";
				CLANG_ENABLE_MODULES = YES;
				CLANG_ENABLE_OBJC_ARC = YES;
				CLANG_ENABLE_OBJC_WEAK = YES;
				CLANG_WARN_BLOCK_CAPTURE_AUTORELEASING = YES;
				CLANG_WARN_BOOL_CONVERSION = YES;
				CLANG_WARN_COMMA = YES;
				CLANG_WARN_CONSTANT_CONVERSION = YES;
				CLANG_WARN_DEPRECATED_OBJC_IMPLEMENTATIONS = YES;
				CLANG_WARN_DIRECT_OBJC_ISA_USAGE = YES_ERROR;
				CLANG_WARN_DOCUMENTATION_COMMENTS = YES;
				CLANG_WARN_EMPTY_BODY = YES;
				CLANG_WARN_ENUM_CONVERSION = YES;
				CLANG_WARN_INFINITE_RECURSION = YES;
				CLANG_WARN_INT_CONVERSION = YES;
				CLANG_WARN_NON_LITERAL_NULL_CONVERSION = YES;
				CLANG_WARN_OBJC_IMPLICIT_RETAIN_SELF = YES;
				CLANG_WARN_OBJC_LITERAL_CONVERSION = YES;
				CLANG_WARN_OBJC_ROOT_CLASS = YES_ERROR;
				CLANG_WARN_QUOTED_INCLUDE_IN_FRAMEWORK_HEADER = YES;
				CLANG_WARN_RANGE_LOOP_ANALYSIS = YES;
				CLANG_WARN_STRICT_PROTOTYPES = YES;
				CLANG_WARN_SUSPICIOUS_MOVE = YES;
				CLANG_WARN_UNGUARDED_AVAILABILITY = YES_AGGRESSIVE;
				CLANG_WARN_UNREACHABLE_CODE = YES;
				CLANG_WARN__DUPLICATE_METHOD_MATCH = YES;
				COPY_PHASE_STRIP = NO;
				DEBUG_INFORMATION_FORMAT = "dwarf-with-dsym";
				ENABLE_NS_ASSERTIONS = NO;
				ENABLE_STRICT_OBJC_MSGSEND = YES;
				GCC_C_LANGUAGE_STANDARD = gnu11;
				GCC_NO_COMMON_BLOCKS = YES;
				GCC_WARN_64_TO_32_BIT_CONVERSION = YES;
				GCC_WARN_ABOUT_RETURN_TYPE = YES_ERROR;
				GCC_WARN_UNDECLARED_SELECTOR = YES;
				GCC_WARN_UNINITIALIZED_AUTOS = YES_AGGRESSIVE;
				GCC_WARN_UNUSED_FUNCTION = YES;
				GCC_WARN_UNUSED_VARIABLE = YES;
				IPHONEOS_DEPLOYMENT_TARGET = 16.2;
				MTL_ENABLE_DEBUG_INFO = NO;
				MTL_FAST_MATH = YES;
				SDKROOT = iphoneos;
				SWIFT_COMPILATION_MODE = wholemodule;
				SWIFT_OPTIMIZATION_LEVEL = "-O";
				VALIDATE_PRODUCT = YES;
			};
			name = Release;
		};
		2384D280297C44FE00386949 /* Debug */ = {
			isa = XCBuildConfiguration;
			baseConfigurationReference = AA11747B8A2F5BD3314ADCBE /* Pods-proto.debug.xcconfig */;
			buildSettings = {
				ASSETCATALOG_COMPILER_APPICON_NAME = AppIcon;
				ASSETCATALOG_COMPILER_GLOBAL_ACCENT_COLOR_NAME = AccentColor;
				CODE_SIGN_STYLE = Automatic;
				CURRENT_PROJECT_VERSION = 1;
				DEVELOPMENT_ASSET_PATHS = "\"proto/Preview Content\"";
				DEVELOPMENT_TEAM = MFND2UAJBR;
				ENABLE_PREVIEWS = YES;
				GENERATE_INFOPLIST_FILE = YES;
				INFOPLIST_KEY_NSLocationWhenInUseUsageDescription = "現在地を表示します";
				INFOPLIST_KEY_UIApplicationSceneManifest_Generation = YES;
				INFOPLIST_KEY_UIApplicationSupportsIndirectInputEvents = YES;
				INFOPLIST_KEY_UILaunchScreen_Generation = YES;
				INFOPLIST_KEY_UISupportedInterfaceOrientations = UIInterfaceOrientationPortrait;
				LD_RUNPATH_SEARCH_PATHS = (
					"$(inherited)",
					"@executable_path/Frameworks",
				);
				MARKETING_VERSION = 1.0;
				PRODUCT_BUNDLE_IDENTIFIER = "com.commu.matching.app-gmail.proto";
				PRODUCT_NAME = "$(TARGET_NAME)";
				SWIFT_EMIT_LOC_STRINGS = YES;
				SWIFT_VERSION = 5.0;
				TARGETED_DEVICE_FAMILY = "1,2";
			};
			name = Debug;
		};
		2384D281297C44FE00386949 /* Release */ = {
			isa = XCBuildConfiguration;
			baseConfigurationReference = D6E4109B038705DD82D9FE97 /* Pods-proto.release.xcconfig */;
			buildSettings = {
				ASSETCATALOG_COMPILER_APPICON_NAME = AppIcon;
				ASSETCATALOG_COMPILER_GLOBAL_ACCENT_COLOR_NAME = AccentColor;
				CODE_SIGN_STYLE = Automatic;
				CURRENT_PROJECT_VERSION = 1;
				DEVELOPMENT_ASSET_PATHS = "\"proto/Preview Content\"";
				DEVELOPMENT_TEAM = MFND2UAJBR;
				ENABLE_PREVIEWS = YES;
				GENERATE_INFOPLIST_FILE = YES;
				INFOPLIST_KEY_NSLocationWhenInUseUsageDescription = "現在地を表示します";
				INFOPLIST_KEY_UIApplicationSceneManifest_Generation = YES;
				INFOPLIST_KEY_UIApplicationSupportsIndirectInputEvents = YES;
				INFOPLIST_KEY_UILaunchScreen_Generation = YES;
				INFOPLIST_KEY_UISupportedInterfaceOrientations = UIInterfaceOrientationPortrait;
				LD_RUNPATH_SEARCH_PATHS = (
					"$(inherited)",
					"@executable_path/Frameworks",
				);
				MARKETING_VERSION = 1.0;
				PRODUCT_BUNDLE_IDENTIFIER = "com.commu.matching.app-gmail.proto";
				PRODUCT_NAME = "$(TARGET_NAME)";
				SWIFT_EMIT_LOC_STRINGS = YES;
				SWIFT_VERSION = 5.0;
				TARGETED_DEVICE_FAMILY = "1,2";
			};
			name = Release;
		};
		2384D283297C44FE00386949 /* Debug */ = {
			isa = XCBuildConfiguration;
			baseConfigurationReference = 83A4471A5F9C115D8C287D8F /* Pods-protoTests.debug.xcconfig */;
			buildSettings = {
				ALWAYS_EMBED_SWIFT_STANDARD_LIBRARIES = YES;
				BUNDLE_LOADER = "$(TEST_HOST)";
				CODE_SIGN_STYLE = Automatic;
				CURRENT_PROJECT_VERSION = 1;
				DEVELOPMENT_TEAM = MFND2UAJBR;
				GENERATE_INFOPLIST_FILE = YES;
				IPHONEOS_DEPLOYMENT_TARGET = 16.2;
				MARKETING_VERSION = 1.0;
				PRODUCT_BUNDLE_IDENTIFIER = "com.commu.matching.app-gmail.protoTests";
				PRODUCT_NAME = "$(TARGET_NAME)";
				SWIFT_EMIT_LOC_STRINGS = NO;
				SWIFT_VERSION = 5.0;
				TARGETED_DEVICE_FAMILY = "1,2";
				TEST_HOST = "$(BUILT_PRODUCTS_DIR)/proto.app/$(BUNDLE_EXECUTABLE_FOLDER_PATH)/proto";
			};
			name = Debug;
		};
		2384D284297C44FE00386949 /* Release */ = {
			isa = XCBuildConfiguration;
			baseConfigurationReference = B50E569BA81DC73222EF6DDC /* Pods-protoTests.release.xcconfig */;
			buildSettings = {
				ALWAYS_EMBED_SWIFT_STANDARD_LIBRARIES = YES;
				BUNDLE_LOADER = "$(TEST_HOST)";
				CODE_SIGN_STYLE = Automatic;
				CURRENT_PROJECT_VERSION = 1;
				DEVELOPMENT_TEAM = MFND2UAJBR;
				GENERATE_INFOPLIST_FILE = YES;
				IPHONEOS_DEPLOYMENT_TARGET = 16.2;
				MARKETING_VERSION = 1.0;
				PRODUCT_BUNDLE_IDENTIFIER = "com.commu.matching.app-gmail.protoTests";
				PRODUCT_NAME = "$(TARGET_NAME)";
				SWIFT_EMIT_LOC_STRINGS = NO;
				SWIFT_VERSION = 5.0;
				TARGETED_DEVICE_FAMILY = "1,2";
				TEST_HOST = "$(BUILT_PRODUCTS_DIR)/proto.app/$(BUNDLE_EXECUTABLE_FOLDER_PATH)/proto";
			};
			name = Release;
		};
		2384D286297C44FE00386949 /* Debug */ = {
			isa = XCBuildConfiguration;
			baseConfigurationReference = 11992EA003FE86FAF3DEC8DE /* Pods-proto-protoUITests.debug.xcconfig */;
			buildSettings = {
				ALWAYS_EMBED_SWIFT_STANDARD_LIBRARIES = YES;
				CODE_SIGN_STYLE = Automatic;
				CURRENT_PROJECT_VERSION = 1;
				DEVELOPMENT_TEAM = MFND2UAJBR;
				GENERATE_INFOPLIST_FILE = YES;
				MARKETING_VERSION = 1.0;
				PRODUCT_BUNDLE_IDENTIFIER = "com.commu.matching.app-gmail.protoUITests";
				PRODUCT_NAME = "$(TARGET_NAME)";
				SWIFT_EMIT_LOC_STRINGS = NO;
				SWIFT_VERSION = 5.0;
				TARGETED_DEVICE_FAMILY = "1,2";
				TEST_TARGET_NAME = proto;
			};
			name = Debug;
		};
		2384D287297C44FE00386949 /* Release */ = {
			isa = XCBuildConfiguration;
			baseConfigurationReference = 5E4DB5F65907CD28F508A11C /* Pods-proto-protoUITests.release.xcconfig */;
			buildSettings = {
				ALWAYS_EMBED_SWIFT_STANDARD_LIBRARIES = YES;
				CODE_SIGN_STYLE = Automatic;
				CURRENT_PROJECT_VERSION = 1;
				DEVELOPMENT_TEAM = MFND2UAJBR;
				GENERATE_INFOPLIST_FILE = YES;
				MARKETING_VERSION = 1.0;
				PRODUCT_BUNDLE_IDENTIFIER = "com.commu.matching.app-gmail.protoUITests";
				PRODUCT_NAME = "$(TARGET_NAME)";
				SWIFT_EMIT_LOC_STRINGS = NO;
				SWIFT_VERSION = 5.0;
				TARGETED_DEVICE_FAMILY = "1,2";
				TEST_TARGET_NAME = proto;
			};
			name = Release;
		};
/* End XCBuildConfiguration section */

/* Begin XCConfigurationList section */
		2384D251297C44FC00386949 /* Build configuration list for PBXProject "proto" */ = {
			isa = XCConfigurationList;
			buildConfigurations = (
				2384D27D297C44FE00386949 /* Debug */,
				2384D27E297C44FE00386949 /* Release */,
			);
			defaultConfigurationIsVisible = 0;
			defaultConfigurationName = Release;
		};
		2384D27F297C44FE00386949 /* Build configuration list for PBXNativeTarget "proto" */ = {
			isa = XCConfigurationList;
			buildConfigurations = (
				2384D280297C44FE00386949 /* Debug */,
				2384D281297C44FE00386949 /* Release */,
			);
			defaultConfigurationIsVisible = 0;
			defaultConfigurationName = Release;
		};
		2384D282297C44FE00386949 /* Build configuration list for PBXNativeTarget "protoTests" */ = {
			isa = XCConfigurationList;
			buildConfigurations = (
				2384D283297C44FE00386949 /* Debug */,
				2384D284297C44FE00386949 /* Release */,
			);
			defaultConfigurationIsVisible = 0;
			defaultConfigurationName = Release;
		};
		2384D285297C44FE00386949 /* Build configuration list for PBXNativeTarget "protoUITests" */ = {
			isa = XCConfigurationList;
			buildConfigurations = (
				2384D286297C44FE00386949 /* Debug */,
				2384D287297C44FE00386949 /* Release */,
			);
			defaultConfigurationIsVisible = 0;
			defaultConfigurationName = Release;
		};
/* End XCConfigurationList section */

/* Begin XCRemoteSwiftPackageReference section */
		237F131429E7FC2B004AD7A2 /* XCRemoteSwiftPackageReference "firebase-ios-sdk" */ = {
			isa = XCRemoteSwiftPackageReference;
			repositoryURL = "https://github.com/firebase/firebase-ios-sdk";
			requirement = {
				kind = upToNextMajorVersion;
				minimumVersion = 10.0.0;
			};
		};
/* End XCRemoteSwiftPackageReference section */

/* Begin XCSwiftPackageProductDependency section */
		237F131529E7FC2B004AD7A2 /* FirebaseAuth */ = {
			isa = XCSwiftPackageProductDependency;
			package = 237F131429E7FC2B004AD7A2 /* XCRemoteSwiftPackageReference "firebase-ios-sdk" */;
			productName = FirebaseAuth;
		};
		237F131729E7FC2B004AD7A2 /* FirebaseAuthCombine-Community */ = {
			isa = XCSwiftPackageProductDependency;
			package = 237F131429E7FC2B004AD7A2 /* XCRemoteSwiftPackageReference "firebase-ios-sdk" */;
			productName = "FirebaseAuthCombine-Community";
		};
		237F131929E7FC2B004AD7A2 /* FirebaseDatabase */ = {
			isa = XCSwiftPackageProductDependency;
			package = 237F131429E7FC2B004AD7A2 /* XCRemoteSwiftPackageReference "firebase-ios-sdk" */;
			productName = FirebaseDatabase;
		};
		237F131B29E7FC2B004AD7A2 /* FirebaseDatabaseSwift */ = {
			isa = XCSwiftPackageProductDependency;
			package = 237F131429E7FC2B004AD7A2 /* XCRemoteSwiftPackageReference "firebase-ios-sdk" */;
			productName = FirebaseDatabaseSwift;
		};
		237F131D29E7FC2B004AD7A2 /* FirebaseStorage */ = {
			isa = XCSwiftPackageProductDependency;
			package = 237F131429E7FC2B004AD7A2 /* XCRemoteSwiftPackageReference "firebase-ios-sdk" */;
			productName = FirebaseStorage;
		};
		237F131F29E7FC2B004AD7A2 /* FirebaseStorageCombine-Community */ = {
			isa = XCSwiftPackageProductDependency;
			package = 237F131429E7FC2B004AD7A2 /* XCRemoteSwiftPackageReference "firebase-ios-sdk" */;
			productName = "FirebaseStorageCombine-Community";
		};
/* End XCSwiftPackageProductDependency section */

/* Begin XCVersionGroup section */
		2384D264297C44FE00386949 /* proto.xcdatamodeld */ = {
			isa = XCVersionGroup;
			children = (
				2384D265297C44FE00386949 /* proto.xcdatamodel */,
			);
			currentVersion = 2384D265297C44FE00386949 /* proto.xcdatamodel */;
			path = proto.xcdatamodeld;
			sourceTree = "<group>";
			versionGroupType = wrapper.xcdatamodel;
		};
/* End XCVersionGroup section */
	};
	rootObject = 2384D24E297C44FC00386949 /* Project object */;
}
